// !$*UTF8*$!
{
	archiveVersion = 1;
	classes = {
	};
	objectVersion = 50;
	objects = {

/* Begin PBXBuildFile section */
		8761A9B42539DC6F00B80911 /* AppDelegate.swift in Sources */ = {isa = PBXBuildFile; fileRef = 8761A9B32539DC6F00B80911 /* AppDelegate.swift */; };
		8761A9B62539DC6F00B80911 /* ViewController.swift in Sources */ = {isa = PBXBuildFile; fileRef = 8761A9B52539DC6F00B80911 /* ViewController.swift */; };
		8761A9B82539DC7100B80911 /* Assets.xcassets in Resources */ = {isa = PBXBuildFile; fileRef = 8761A9B72539DC7100B80911 /* Assets.xcassets */; };
		8761A9BB2539DC7100B80911 /* Main.storyboard in Resources */ = {isa = PBXBuildFile; fileRef = 8761A9B92539DC7100B80911 /* Main.storyboard */; };
		8761A9C72539DC7200B80911 /* typingDNATests.swift in Sources */ = {isa = PBXBuildFile; fileRef = 8761A9C62539DC7200B80911 /* typingDNATests.swift */; };
		8761A9D22539DC7200B80911 /* typingDNAUITests.swift in Sources */ = {isa = PBXBuildFile; fileRef = 8761A9D12539DC7200B80911 /* typingDNAUITests.swift */; };
		87738FCA253C490A00AD3ADC /* index.html in Resources */ = {isa = PBXBuildFile; fileRef = 87738FC9253C490A00AD3ADC /* index.html */; };
/* End PBXBuildFile section */

/* Begin PBXContainerItemProxy section */
		8761A9C32539DC7200B80911 /* PBXContainerItemProxy */ = {
			isa = PBXContainerItemProxy;
			containerPortal = 8761A9A82539DC6F00B80911 /* Project object */;
			proxyType = 1;
			remoteGlobalIDString = 8761A9AF2539DC6F00B80911;
			remoteInfo = typingDNA;
		};
		8761A9CE2539DC7200B80911 /* PBXContainerItemProxy */ = {
			isa = PBXContainerItemProxy;
			containerPortal = 8761A9A82539DC6F00B80911 /* Project object */;
			proxyType = 1;
			remoteGlobalIDString = 8761A9AF2539DC6F00B80911;
			remoteInfo = typingDNA;
		};
/* End PBXContainerItemProxy section */

/* Begin PBXFileReference section */
		8761A9B02539DC6F00B80911 /* typingDNA.app */ = {isa = PBXFileReference; explicitFileType = wrapper.application; includeInIndex = 0; path = typingDNA.app; sourceTree = BUILT_PRODUCTS_DIR; };
		8761A9B32539DC6F00B80911 /* AppDelegate.swift */ = {isa = PBXFileReference; lastKnownFileType = sourcecode.swift; path = AppDelegate.swift; sourceTree = "<group>"; };
		8761A9B52539DC6F00B80911 /* ViewController.swift */ = {isa = PBXFileReference; lastKnownFileType = sourcecode.swift; path = ViewController.swift; sourceTree = "<group>"; };
		8761A9B72539DC7100B80911 /* Assets.xcassets */ = {isa = PBXFileReference; lastKnownFileType = folder.assetcatalog; path = Assets.xcassets; sourceTree = "<group>"; };
		8761A9BA2539DC7100B80911 /* Base */ = {isa = PBXFileReference; lastKnownFileType = file.storyboard; name = Base; path = Base.lproj/Main.storyboard; sourceTree = "<group>"; };
		8761A9BC2539DC7100B80911 /* Info.plist */ = {isa = PBXFileReference; lastKnownFileType = text.plist.xml; path = Info.plist; sourceTree = "<group>"; };
		8761A9C22539DC7200B80911 /* typingDNATests.xctest */ = {isa = PBXFileReference; explicitFileType = wrapper.cfbundle; includeInIndex = 0; path = typingDNATests.xctest; sourceTree = BUILT_PRODUCTS_DIR; };
		8761A9C62539DC7200B80911 /* typingDNATests.swift */ = {isa = PBXFileReference; lastKnownFileType = sourcecode.swift; path = typingDNATests.swift; sourceTree = "<group>"; };
		8761A9C82539DC7200B80911 /* Info.plist */ = {isa = PBXFileReference; lastKnownFileType = text.plist.xml; path = Info.plist; sourceTree = "<group>"; };
		8761A9CD2539DC7200B80911 /* typingDNAUITests.xctest */ = {isa = PBXFileReference; explicitFileType = wrapper.cfbundle; includeInIndex = 0; path = typingDNAUITests.xctest; sourceTree = BUILT_PRODUCTS_DIR; };
		8761A9D12539DC7200B80911 /* typingDNAUITests.swift */ = {isa = PBXFileReference; lastKnownFileType = sourcecode.swift; path = typingDNAUITests.swift; sourceTree = "<group>"; };
		8761A9D32539DC7200B80911 /* Info.plist */ = {isa = PBXFileReference; lastKnownFileType = text.plist.xml; path = Info.plist; sourceTree = "<group>"; };
		87738FC9253C490A00AD3ADC /* index.html */ = {isa = PBXFileReference; lastKnownFileType = text.html; path = index.html; sourceTree = "<group>"; };
/* End PBXFileReference section */

/* Begin PBXFrameworksBuildPhase section */
		8761A9AD2539DC6F00B80911 /* Frameworks */ = {
			isa = PBXFrameworksBuildPhase;
			buildActionMask = 2147483647;
			files = (
			);
			runOnlyForDeploymentPostprocessing = 0;
		};
		8761A9BF2539DC7200B80911 /* Frameworks */ = {
			isa = PBXFrameworksBuildPhase;
			buildActionMask = 2147483647;
			files = (
			);
			runOnlyForDeploymentPostprocessing = 0;
		};
		8761A9CA2539DC7200B80911 /* Frameworks */ = {
			isa = PBXFrameworksBuildPhase;
			buildActionMask = 2147483647;
			files = (
			);
			runOnlyForDeploymentPostprocessing = 0;
		};
/* End PBXFrameworksBuildPhase section */

/* Begin PBXGroup section */
		8761A9A72539DC6F00B80911 = {
			isa = PBXGroup;
			children = (
				8761A9B22539DC6F00B80911 /* typingDNA */,
				8761A9C52539DC7200B80911 /* typingDNATests */,
				8761A9D02539DC7200B80911 /* typingDNAUITests */,
				8761A9B12539DC6F00B80911 /* Products */,
			);
			sourceTree = "<group>";
		};
		8761A9B12539DC6F00B80911 /* Products */ = {
			isa = PBXGroup;
			children = (
				8761A9B02539DC6F00B80911 /* typingDNA.app */,
				8761A9C22539DC7200B80911 /* typingDNATests.xctest */,
				8761A9CD2539DC7200B80911 /* typingDNAUITests.xctest */,
			);
			name = Products;
			sourceTree = "<group>";
		};
		8761A9B22539DC6F00B80911 /* typingDNA */ = {
			isa = PBXGroup;
			children = (
				8761A9B32539DC6F00B80911 /* AppDelegate.swift */,
				8761A9B52539DC6F00B80911 /* ViewController.swift */,
				8761A9B72539DC7100B80911 /* Assets.xcassets */,
				8761A9B92539DC7100B80911 /* Main.storyboard */,
				8761A9BC2539DC7100B80911 /* Info.plist */,
				87738FC9253C490A00AD3ADC /* index.html */,
			);
			path = typingDNA;
			sourceTree = "<group>";
		};
		8761A9C52539DC7200B80911 /* typingDNATests */ = {
			isa = PBXGroup;
			children = (
				8761A9C62539DC7200B80911 /* typingDNATests.swift */,
				8761A9C82539DC7200B80911 /* Info.plist */,
			);
			path = typingDNATests;
			sourceTree = "<group>";
		};
		8761A9D02539DC7200B80911 /* typingDNAUITests */ = {
			isa = PBXGroup;
			children = (
				8761A9D12539DC7200B80911 /* typingDNAUITests.swift */,
				8761A9D32539DC7200B80911 /* Info.plist */,
			);
			path = typingDNAUITests;
			sourceTree = "<group>";
		};
/* End PBXGroup section */

/* Begin PBXNativeTarget section */
		8761A9AF2539DC6F00B80911 /* typingDNA */ = {
			isa = PBXNativeTarget;
			buildConfigurationList = 8761A9D62539DC7200B80911 /* Build configuration list for PBXNativeTarget "typingDNA" */;
			buildPhases = (
				8761A9AC2539DC6F00B80911 /* Sources */,
				8761A9AD2539DC6F00B80911 /* Frameworks */,
				8761A9AE2539DC6F00B80911 /* Resources */,
			);
			buildRules = (
			);
			dependencies = (
			);
			name = typingDNA;
			productName = typingDNA;
			productReference = 8761A9B02539DC6F00B80911 /* typingDNA.app */;
			productType = "com.apple.product-type.application";
		};
		8761A9C12539DC7200B80911 /* typingDNATests */ = {
			isa = PBXNativeTarget;
			buildConfigurationList = 8761A9D92539DC7200B80911 /* Build configuration list for PBXNativeTarget "typingDNATests" */;
			buildPhases = (
				8761A9BE2539DC7200B80911 /* Sources */,
				8761A9BF2539DC7200B80911 /* Frameworks */,
				8761A9C02539DC7200B80911 /* Resources */,
			);
			buildRules = (
			);
			dependencies = (
				8761A9C42539DC7200B80911 /* PBXTargetDependency */,
			);
			name = typingDNATests;
			productName = typingDNATests;
			productReference = 8761A9C22539DC7200B80911 /* typingDNATests.xctest */;
			productType = "com.apple.product-type.bundle.unit-test";
		};
		8761A9CC2539DC7200B80911 /* typingDNAUITests */ = {
			isa = PBXNativeTarget;
			buildConfigurationList = 8761A9DC2539DC7200B80911 /* Build configuration list for PBXNativeTarget "typingDNAUITests" */;
			buildPhases = (
				8761A9C92539DC7200B80911 /* Sources */,
				8761A9CA2539DC7200B80911 /* Frameworks */,
				8761A9CB2539DC7200B80911 /* Resources */,
			);
			buildRules = (
			);
			dependencies = (
				8761A9CF2539DC7200B80911 /* PBXTargetDependency */,
			);
			name = typingDNAUITests;
			productName = typingDNAUITests;
			productReference = 8761A9CD2539DC7200B80911 /* typingDNAUITests.xctest */;
			productType = "com.apple.product-type.bundle.ui-testing";
		};
/* End PBXNativeTarget section */

/* Begin PBXProject section */
		8761A9A82539DC6F00B80911 /* Project object */ = {
			isa = PBXProject;
			attributes = {
				LastSwiftUpdateCheck = 1200;
				LastUpgradeCheck = 1200;
				TargetAttributes = {
					8761A9AF2539DC6F00B80911 = {
						CreatedOnToolsVersion = 12.0.1;
					};
					8761A9C12539DC7200B80911 = {
						CreatedOnToolsVersion = 12.0.1;
						TestTargetID = 8761A9AF2539DC6F00B80911;
					};
					8761A9CC2539DC7200B80911 = {
						CreatedOnToolsVersion = 12.0.1;
						TestTargetID = 8761A9AF2539DC6F00B80911;
					};
				};
			};
			buildConfigurationList = 8761A9AB2539DC6F00B80911 /* Build configuration list for PBXProject "typingDNA" */;
			compatibilityVersion = "Xcode 9.3";
			developmentRegion = en;
			hasScannedForEncodings = 0;
			knownRegions = (
				en,
				Base,
			);
			mainGroup = 8761A9A72539DC6F00B80911;
			productRefGroup = 8761A9B12539DC6F00B80911 /* Products */;
			projectDirPath = "";
			projectRoot = "";
			targets = (
				8761A9AF2539DC6F00B80911 /* typingDNA */,
				8761A9C12539DC7200B80911 /* typingDNATests */,
				8761A9CC2539DC7200B80911 /* typingDNAUITests */,
			);
		};
/* End PBXProject section */

/* Begin PBXResourcesBuildPhase section */
		8761A9AE2539DC6F00B80911 /* Resources */ = {
			isa = PBXResourcesBuildPhase;
			buildActionMask = 2147483647;
			files = (
				8761A9B82539DC7100B80911 /* Assets.xcassets in Resources */,
				87738FCA253C490A00AD3ADC /* index.html in Resources */,
				8761A9BB2539DC7100B80911 /* Main.storyboard in Resources */,
			);
			runOnlyForDeploymentPostprocessing = 0;
		};
		8761A9C02539DC7200B80911 /* Resources */ = {
			isa = PBXResourcesBuildPhase;
			buildActionMask = 2147483647;
			files = (
			);
			runOnlyForDeploymentPostprocessing = 0;
		};
		8761A9CB2539DC7200B80911 /* Resources */ = {
			isa = PBXResourcesBuildPhase;
			buildActionMask = 2147483647;
			files = (
			);
			runOnlyForDeploymentPostprocessing = 0;
		};
/* End PBXResourcesBuildPhase section */

/* Begin PBXSourcesBuildPhase section */
		8761A9AC2539DC6F00B80911 /* Sources */ = {
			isa = PBXSourcesBuildPhase;
			buildActionMask = 2147483647;
			files = (
				8761A9B62539DC6F00B80911 /* ViewController.swift in Sources */,
				8761A9B42539DC6F00B80911 /* AppDelegate.swift in Sources */,
			);
			runOnlyForDeploymentPostprocessing = 0;
		};
		8761A9BE2539DC7200B80911 /* Sources */ = {
			isa = PBXSourcesBuildPhase;
			buildActionMask = 2147483647;
			files = (
				8761A9C72539DC7200B80911 /* typingDNATests.swift in Sources */,
			);
			runOnlyForDeploymentPostprocessing = 0;
		};
		8761A9C92539DC7200B80911 /* Sources */ = {
			isa = PBXSourcesBuildPhase;
			buildActionMask = 2147483647;
			files = (
				8761A9D22539DC7200B80911 /* typingDNAUITests.swift in Sources */,
			);
			runOnlyForDeploymentPostprocessing = 0;
		};
/* End PBXSourcesBuildPhase section */

/* Begin PBXTargetDependency section */
		8761A9C42539DC7200B80911 /* PBXTargetDependency */ = {
			isa = PBXTargetDependency;
			target = 8761A9AF2539DC6F00B80911 /* typingDNA */;
			targetProxy = 8761A9C32539DC7200B80911 /* PBXContainerItemProxy */;
		};
		8761A9CF2539DC7200B80911 /* PBXTargetDependency */ = {
			isa = PBXTargetDependency;
			target = 8761A9AF2539DC6F00B80911 /* typingDNA */;
			targetProxy = 8761A9CE2539DC7200B80911 /* PBXContainerItemProxy */;
		};
/* End PBXTargetDependency section */

/* Begin PBXVariantGroup section */
		8761A9B92539DC7100B80911 /* Main.storyboard */ = {
			isa = PBXVariantGroup;
			children = (
				8761A9BA2539DC7100B80911 /* Base */,
			);
			name = Main.storyboard;
			sourceTree = "<group>";
		};
/* End PBXVariantGroup section */

/* Begin XCBuildConfiguration section */
		8761A9D42539DC7200B80911 /* Debug */ = {
			isa = XCBuildConfiguration;
			buildSettings = {
				ALWAYS_SEARCH_USER_PATHS = NO;
				CLANG_ANALYZER_NONNULL = YES;
				CLANG_ANALYZER_NUMBER_OBJECT_CONVERSION = YES_AGGRESSIVE;
				CLANG_CXX_LANGUAGE_STANDARD = "gnu++14";
				CLANG_CXX_LIBRARY = "libc++";
				CLANG_ENABLE_MODULES = YES;
				CLANG_ENABLE_OBJC_ARC = YES;
				CLANG_ENABLE_OBJC_WEAK = YES;
				CLANG_WARN_BLOCK_CAPTURE_AUTORELEASING = YES;
				CLANG_WARN_BOOL_CONVERSION = YES;
				CLANG_WARN_COMMA = YES;
				CLANG_WARN_CONSTANT_CONVERSION = YES;
				CLANG_WARN_DEPRECATED_OBJC_IMPLEMENTATIONS = YES;
				CLANG_WARN_DIRECT_OBJC_ISA_USAGE = YES_ERROR;
				CLANG_WARN_DOCUMENTATION_COMMENTS = YES;
				CLANG_WARN_EMPTY_BODY = YES;
				CLANG_WARN_ENUM_CONVERSION = YES;
				CLANG_WARN_INFINITE_RECURSION = YES;
				CLANG_WARN_INT_CONVERSION = YES;
				CLANG_WARN_NON_LITERAL_NULL_CONVERSION = YES;
				CLANG_WARN_OBJC_IMPLICIT_RETAIN_SELF = YES;
				CLANG_WARN_OBJC_LITERAL_CONVERSION = YES;
				CLANG_WARN_OBJC_ROOT_CLASS = YES_ERROR;
				CLANG_WARN_QUOTED_INCLUDE_IN_FRAMEWORK_HEADER = YES;
				CLANG_WARN_RANGE_LOOP_ANALYSIS = YES;
				CLANG_WARN_STRICT_PROTOTYPES = YES;
				CLANG_WARN_SUSPICIOUS_MOVE = YES;
				CLANG_WARN_UNGUARDED_AVAILABILITY = YES_AGGRESSIVE;
				CLANG_WARN_UNREACHABLE_CODE = YES;
				CLANG_WARN__DUPLICATE_METHOD_MATCH = YES;
				COPY_PHASE_STRIP = NO;
				DEBUG_INFORMATION_FORMAT = dwarf;
				ENABLE_STRICT_OBJC_MSGSEND = YES;
				ENABLE_TESTABILITY = YES;
				GCC_C_LANGUAGE_STANDARD = gnu11;
				GCC_DYNAMIC_NO_PIC = NO;
				GCC_NO_COMMON_BLOCKS = YES;
				GCC_OPTIMIZATION_LEVEL = 0;
				GCC_PREPROCESSOR_DEFINITIONS = (
					"DEBUG=1",
					"$(inherited)",
				);
				GCC_WARN_64_TO_32_BIT_CONVERSION = YES;
				GCC_WARN_ABOUT_RETURN_TYPE = YES_ERROR;
				GCC_WARN_UNDECLARED_SELECTOR = YES;
				GCC_WARN_UNINITIALIZED_AUTOS = YES_AGGRESSIVE;
				GCC_WARN_UNUSED_FUNCTION = YES;
				GCC_WARN_UNUSED_VARIABLE = YES;
				MACOSX_DEPLOYMENT_TARGET = 10.15;
				MTL_ENABLE_DEBUG_INFO = INCLUDE_SOURCE;
				MTL_FAST_MATH = YES;
				ONLY_ACTIVE_ARCH = YES;
				SDKROOT = macosx;
				SWIFT_ACTIVE_COMPILATION_CONDITIONS = DEBUG;
				SWIFT_OPTIMIZATION_LEVEL = "-Onone";
			};
			name = Debug;
		};
		8761A9D52539DC7200B80911 /* Release */ = {
			isa = XCBuildConfiguration;
			buildSettings = {
				ALWAYS_SEARCH_USER_PATHS = NO;
				CLANG_ANALYZER_NONNULL = YES;
				CLANG_ANALYZER_NUMBER_OBJECT_CONVERSION = YES_AGGRESSIVE;
				CLANG_CXX_LANGUAGE_STANDARD = "gnu++14";
				CLANG_CXX_LIBRARY = "libc++";
				CLANG_ENABLE_MODULES = YES;
				CLANG_ENABLE_OBJC_ARC = YES;
				CLANG_ENABLE_OBJC_WEAK = YES;
				CLANG_WARN_BLOCK_CAPTURE_AUTORELEASING = YES;
				CLANG_WARN_BOOL_CONVERSION = YES;
				CLANG_WARN_COMMA = YES;
				CLANG_WARN_CONSTANT_CONVERSION = YES;
				CLANG_WARN_DEPRECATED_OBJC_IMPLEMENTATIONS = YES;
				CLANG_WARN_DIRECT_OBJC_ISA_USAGE = YES_ERROR;
				CLANG_WARN_DOCUMENTATION_COMMENTS = YES;
				CLANG_WARN_EMPTY_BODY = YES;
				CLANG_WARN_ENUM_CONVERSION = YES;
				CLANG_WARN_INFINITE_RECURSION = YES;
				CLANG_WARN_INT_CONVERSION = YES;
				CLANG_WARN_NON_LITERAL_NULL_CONVERSION = YES;
				CLANG_WARN_OBJC_IMPLICIT_RETAIN_SELF = YES;
				CLANG_WARN_OBJC_LITERAL_CONVERSION = YES;
				CLANG_WARN_OBJC_ROOT_CLASS = YES_ERROR;
				CLANG_WARN_QUOTED_INCLUDE_IN_FRAMEWORK_HEADER = YES;
				CLANG_WARN_RANGE_LOOP_ANALYSIS = YES;
				CLANG_WARN_STRICT_PROTOTYPES = YES;
				CLANG_WARN_SUSPICIOUS_MOVE = YES;
				CLANG_WARN_UNGUARDED_AVAILABILITY = YES_AGGRESSIVE;
				CLANG_WARN_UNREACHABLE_CODE = YES;
				CLANG_WARN__DUPLICATE_METHOD_MATCH = YES;
				COPY_PHASE_STRIP = NO;
				DEBUG_INFORMATION_FORMAT = "dwarf-with-dsym";
				ENABLE_NS_ASSERTIONS = NO;
				ENABLE_STRICT_OBJC_MSGSEND = YES;
				GCC_C_LANGUAGE_STANDARD = gnu11;
				GCC_NO_COMMON_BLOCKS = YES;
				GCC_WARN_64_TO_32_BIT_CONVERSION = YES;
				GCC_WARN_ABOUT_RETURN_TYPE = YES_ERROR;
				GCC_WARN_UNDECLARED_SELECTOR = YES;
				GCC_WARN_UNINITIALIZED_AUTOS = YES_AGGRESSIVE;
				GCC_WARN_UNUSED_FUNCTION = YES;
				GCC_WARN_UNUSED_VARIABLE = YES;
				MACOSX_DEPLOYMENT_TARGET = 10.15;
				MTL_ENABLE_DEBUG_INFO = NO;
				MTL_FAST_MATH = YES;
				SDKROOT = macosx;
				SWIFT_COMPILATION_MODE = wholemodule;
				SWIFT_OPTIMIZATION_LEVEL = "-O";
			};
			name = Release;
		};
		8761A9D72539DC7200B80911 /* Debug */ = {
			isa = XCBuildConfiguration;
			buildSettings = {
				ASSETCATALOG_COMPILER_APPICON_NAME = AppIcon;
				ASSETCATALOG_COMPILER_GLOBAL_ACCENT_COLOR_NAME = AccentColor;
				CODE_SIGN_ENTITLEMENTS = typingDNA/typingDNA.entitlements;
				CODE_SIGN_STYLE = Automatic;
				COMBINE_HIDPI_IMAGES = YES;
				DEVELOPMENT_TEAM = F8QCCFG26H;
				ENABLE_HARDENED_RUNTIME = YES;
				INFOPLIST_FILE = typingDNA/Info.plist;
				LD_RUNPATH_SEARCH_PATHS = (
					"$(inherited)",
					"@executable_path/../Frameworks",
				);
				PRODUCT_BUNDLE_IDENTIFIER = com.typingDNA;
				PRODUCT_NAME = "$(TARGET_NAME)";
				SWIFT_VERSION = 5.0;
			};
			name = Debug;
		};
		8761A9D82539DC7200B80911 /* Release */ = {
			isa = XCBuildConfiguration;
			buildSettings = {
				ASSETCATALOG_COMPILER_APPICON_NAME = AppIcon;
				ASSETCATALOG_COMPILER_GLOBAL_ACCENT_COLOR_NAME = AccentColor;
				CODE_SIGN_ENTITLEMENTS = typingDNA/typingDNA.entitlements;
				CODE_SIGN_STYLE = Automatic;
				COMBINE_HIDPI_IMAGES = YES;
				DEVELOPMENT_TEAM = F8QCCFG26H;
				ENABLE_HARDENED_RUNTIME = YES;
				INFOPLIST_FILE = typingDNA/Info.plist;
				LD_RUNPATH_SEARCH_PATHS = (
					"$(inherited)",
					"@executable_path/../Frameworks",
				);
				PRODUCT_BUNDLE_IDENTIFIER = com.typingDNA;
				PRODUCT_NAME = "$(TARGET_NAME)";
				SWIFT_VERSION = 5.0;
			};
			name = Release;
		};
		8761A9DA2539DC7200B80911 /* Debug */ = {
			isa = XCBuildConfiguration;
			buildSettings = {
				ALWAYS_EMBED_SWIFT_STANDARD_LIBRARIES = YES;
				BUNDLE_LOADER = "$(TEST_HOST)";
				CODE_SIGN_STYLE = Automatic;
				COMBINE_HIDPI_IMAGES = YES;
				DEVELOPMENT_TEAM = F8QCCFG26H;
				INFOPLIST_FILE = typingDNATests/Info.plist;
				LD_RUNPATH_SEARCH_PATHS = (
					"$(inherited)",
					"@executable_path/../Frameworks",
					"@loader_path/../Frameworks",
				);
				MACOSX_DEPLOYMENT_TARGET = 10.15;
				PRODUCT_BUNDLE_IDENTIFIER = com.typingDNATests;
				PRODUCT_NAME = "$(TARGET_NAME)";
				SWIFT_VERSION = 5.0;
				TEST_HOST = "$(BUILT_PRODUCTS_DIR)/typingDNA.app/Contents/MacOS/typingDNA";
			};
			name = Debug;
		};
		8761A9DB2539DC7200B80911 /* Release */ = {
			isa = XCBuildConfiguration;
			buildSettings = {
				ALWAYS_EMBED_SWIFT_STANDARD_LIBRARIES = YES;
				BUNDLE_LOADER = "$(TEST_HOST)";
				CODE_SIGN_STYLE = Automatic;
				COMBINE_HIDPI_IMAGES = YES;
				DEVELOPMENT_TEAM = F8QCCFG26H;
				INFOPLIST_FILE = typingDNATests/Info.plist;
				LD_RUNPATH_SEARCH_PATHS = (
					"$(inherited)",
					"@executable_path/../Frameworks",
					"@loader_path/../Frameworks",
				);
				MACOSX_DEPLOYMENT_TARGET = 10.15;
				PRODUCT_BUNDLE_IDENTIFIER = com.typingDNATests;
				PRODUCT_NAME = "$(TARGET_NAME)";
				SWIFT_VERSION = 5.0;
				TEST_HOST = "$(BUILT_PRODUCTS_DIR)/typingDNA.app/Contents/MacOS/typingDNA";
			};
			name = Release;
		};
		8761A9DD2539DC7200B80911 /* Debug */ = {
			isa = XCBuildConfiguration;
			buildSettings = {
				ALWAYS_EMBED_SWIFT_STANDARD_LIBRARIES = YES;
				CODE_SIGN_STYLE = Automatic;
				COMBINE_HIDPI_IMAGES = YES;
				DEVELOPMENT_TEAM = F8QCCFG26H;
				INFOPLIST_FILE = typingDNAUITests/Info.plist;
				LD_RUNPATH_SEARCH_PATHS = (
					"$(inherited)",
					"@executable_path/../Frameworks",
					"@loader_path/../Frameworks",
				);
				PRODUCT_BUNDLE_IDENTIFIER = com.typingDNAUITests;
				PRODUCT_NAME = "$(TARGET_NAME)";
				SWIFT_VERSION = 5.0;
				TEST_TARGET_NAME = typingDNA;
			};
			name = Debug;
		};
		8761A9DE2539DC7200B80911 /* Release */ = {
			isa = XCBuildConfiguration;
			buildSettings = {
				ALWAYS_EMBED_SWIFT_STANDARD_LIBRARIES = YES;
				CODE_SIGN_STYLE = Automatic;
				COMBINE_HIDPI_IMAGES = YES;
				DEVELOPMENT_TEAM = F8QCCFG26H;
				INFOPLIST_FILE = typingDNAUITests/Info.plist;
				LD_RUNPATH_SEARCH_PATHS = (
					"$(inherited)",
					"@executable_path/../Frameworks",
					"@loader_path/../Frameworks",
				);
				PRODUCT_BUNDLE_IDENTIFIER = com.typingDNAUITests;
				PRODUCT_NAME = "$(TARGET_NAME)";
				SWIFT_VERSION = 5.0;
				TEST_TARGET_NAME = typingDNA;
			};
			name = Release;
		};
/* End XCBuildConfiguration section */

/* Begin XCConfigurationList section */
		8761A9AB2539DC6F00B80911 /* Build configuration list for PBXProject "typingDNA" */ = {
			isa = XCConfigurationList;
			buildConfigurations = (
				8761A9D42539DC7200B80911 /* Debug */,
				8761A9D52539DC7200B80911 /* Release */,
			);
			defaultConfigurationIsVisible = 0;
			defaultConfigurationName = Release;
		};
		8761A9D62539DC7200B80911 /* Build configuration list for PBXNativeTarget "typingDNA" */ = {
			isa = XCConfigurationList;
			buildConfigurations = (
				8761A9D72539DC7200B80911 /* Debug */,
				8761A9D82539DC7200B80911 /* Release */,
			);
			defaultConfigurationIsVisible = 0;
			defaultConfigurationName = Release;
		};
		8761A9D92539DC7200B80911 /* Build configuration list for PBXNativeTarget "typingDNATests" */ = {
			isa = XCConfigurationList;
			buildConfigurations = (
				8761A9DA2539DC7200B80911 /* Debug */,
				8761A9DB2539DC7200B80911 /* Release */,
			);
			defaultConfigurationIsVisible = 0;
			defaultConfigurationName = Release;
		};
		8761A9DC2539DC7200B80911 /* Build configuration list for PBXNativeTarget "typingDNAUITests" */ = {
			isa = XCConfigurationList;
			buildConfigurations = (
				8761A9DD2539DC7200B80911 /* Debug */,
				8761A9DE2539DC7200B80911 /* Release */,
			);
			defaultConfigurationIsVisible = 0;
			defaultConfigurationName = Release;
		};
/* End XCConfigurationList section */
	};
	rootObject = 8761A9A82539DC6F00B80911 /* Project object */;
}
